// !$*UTF8*$!
{
	archiveVersion = 1;
	classes = {
	};
	objectVersion = 46;
	objects = {

/* Begin PBXBuildFile section */
		150BD03D1BB8864700A01CCE /* AppDelegate.swift in Sources */ = {isa = PBXBuildFile; fileRef = 150BD03C1BB8864700A01CCE /* AppDelegate.swift */; };
		150BD03F1BB8864700A01CCE /* ViewController.swift in Sources */ = {isa = PBXBuildFile; fileRef = 150BD03E1BB8864700A01CCE /* ViewController.swift */; };
		150BD0421BB8864700A01CCE /* Main.storyboard in Resources */ = {isa = PBXBuildFile; fileRef = 150BD0401BB8864700A01CCE /* Main.storyboard */; };
		150BD0441BB8864700A01CCE /* Assets.xcassets in Resources */ = {isa = PBXBuildFile; fileRef = 150BD0431BB8864700A01CCE /* Assets.xcassets */; };
		150BD0471BB8864700A01CCE /* LaunchScreen.storyboard in Resources */ = {isa = PBXBuildFile; fileRef = 150BD0451BB8864700A01CCE /* LaunchScreen.storyboard */; };
/* End PBXBuildFile section */

/* Begin PBXFileReference section */
		150BD0391BB8864700A01CCE /* Times Tables.app */ = {isa = PBXFileReference; explicitFileType = wrapper.application; includeInIndex = 0; path = "Times Tables.app"; sourceTree = BUILT_PRODUCTS_DIR; };
		150BD03C1BB8864700A01CCE /* AppDelegate.swift */ = {isa = PBXFileReference; lastKnownFileType = sourcecode.swift; path = AppDelegate.swift; sourceTree = "<group>"; };
		150BD03E1BB8864700A01CCE /* ViewController.swift */ = {isa = PBXFileReference; lastKnownFileType = sourcecode.swift; path = ViewController.swift; sourceTree = "<group>"; };
		150BD0411BB8864700A01CCE /* Base */ = {isa = PBXFileReference; lastKnownFileType = file.storyboard; name = Base; path = Base.lproj/Main.storyboard; sourceTree = "<group>"; };
		150BD0431BB8864700A01CCE /* Assets.xcassets */ = {isa = PBXFileReference; lastKnownFileType = folder.assetcatalog; path = Assets.xcassets; sourceTree = "<group>"; };
		150BD0461BB8864700A01CCE /* Base */ = {isa = PBXFileReference; lastKnownFileType = file.storyboard; name = Base; path = Base.lproj/LaunchScreen.storyboard; sourceTree = "<group>"; };
		150BD0481BB8864700A01CCE /* Info.plist */ = {isa = PBXFileReference; lastKnownFileType = text.plist.xml; path = Info.plist; sourceTree = "<group>"; };
/* End PBXFileReference section */

/* Begin PBXFrameworksBuildPhase section */
		150BD0361BB8864700A01CCE /* Frameworks */ = {
			isa = PBXFrameworksBuildPhase;
			buildActionMask = 2147483647;
			files = (
			);
			runOnlyForDeploymentPostprocessing = 0;
		};
/* End PBXFrameworksBuildPhase section */

/* Begin PBXGroup section */
		150BD0301BB8864700A01CCE = {
			isa = PBXGroup;
			children = (
				150BD03B1BB8864700A01CCE /* Times Tables */,
				150BD03A1BB8864700A01CCE /* Products */,
			);
			sourceTree = "<group>";
		};
		150BD03A1BB8864700A01CCE /* Products */ = {
			isa = PBXGroup;
			children = (
				150BD0391BB8864700A01CCE /* Times Tables.app */,
			);
			name = Products;
			sourceTree = "<group>";
		};
		150BD03B1BB8864700A01CCE /* Times Tables */ = {
			isa = PBXGroup;
			children = (
				150BD03C1BB8864700A01CCE /* AppDelegate.swift */,
				150BD03E1BB8864700A01CCE /* ViewController.swift */,
				150BD0401BB8864700A01CCE /* Main.storyboard */,
				150BD0431BB8864700A01CCE /* Assets.xcassets */,
				150BD0451BB8864700A01CCE /* LaunchScreen.storyboard */,
				150BD0481BB8864700A01CCE /* Info.plist */,
			);
			path = "Times Tables";
			sourceTree = "<group>";
		};
/* End PBXGroup section */

/* Begin PBXNativeTarget section */
		150BD0381BB8864700A01CCE /* Times Tables */ = {
			isa = PBXNativeTarget;
			buildConfigurationList = 150BD04B1BB8864700A01CCE /* Build configuration list for PBXNativeTarget "Times Tables" */;
			buildPhases = (
				150BD0351BB8864700A01CCE /* Sources */,
				150BD0361BB8864700A01CCE /* Frameworks */,
				150BD0371BB8864700A01CCE /* Resources */,
			);
			buildRules = (
			);
			dependencies = (
			);
			name = "Times Tables";
			productName = "Times Tables";
			productReference = 150BD0391BB8864700A01CCE /* Times Tables.app */;
			productType = "com.apple.product-type.application";
		};
/* End PBXNativeTarget section */

/* Begin PBXProject section */
		150BD0311BB8864700A01CCE /* Project object */ = {
			isa = PBXProject;
			attributes = {
				LastUpgradeCheck = 0700;
				ORGANIZATIONNAME = "Beatriz Macedo";
				TargetAttributes = {
					150BD0381BB8864700A01CCE = {
						CreatedOnToolsVersion = 7.0;
					};
				};
			};
			buildConfigurationList = 150BD0341BB8864700A01CCE /* Build configuration list for PBXProject "Times Tables" */;
			compatibilityVersion = "Xcode 3.2";
			developmentRegion = English;
			hasScannedForEncodings = 0;
			knownRegions = (
				en,
				Base,
			);
			mainGroup = 150BD0301BB8864700A01CCE;
			productRefGroup = 150BD03A1BB8864700A01CCE /* Products */;
			projectDirPath = "";
			projectRoot = "";
			targets = (
				150BD0381BB8864700A01CCE /* Times Tables */,
			);
		};
/* End PBXProject section */

/* Begin PBXResourcesBuildPhase section */
		150BD0371BB8864700A01CCE /* Resources */ = {
			isa = PBXResourcesBuildPhase;
			buildActionMask = 2147483647;
			files = (
				150BD0471BB8864700A01CCE /* LaunchScreen.storyboard in Resources */,
				150BD0441BB8864700A01CCE /* Assets.xcassets in Resources */,
				150BD0421BB8864700A01CCE /* Main.storyboard in Resources */,
			);
			runOnlyForDeploymentPostprocessing = 0;
		};
/* End PBXResourcesBuildPhase section */

/* Begin PBXSourcesBuildPhase section */
		150BD0351BB8864700A01CCE /* Sources */ = {
			isa = PBXSourcesBuildPhase;
			buildActionMask = 2147483647;
			files = (
				150BD03F1BB8864700A01CCE /* ViewController.swift in Sources */,
				150BD03D1BB8864700A01CCE /* AppDelegate.swift in Sources */,
			);
			runOnlyForDeploymentPostprocessing = 0;
		};
/* End PBXSourcesBuildPhase section */

/* Begin PBXVariantGroup section */
		150BD0401BB8864700A01CCE /* Main.storyboard */ = {
			isa = PBXVariantGroup;
			children = (
				150BD0411BB8864700A01CCE /* Base */,
			);
			name = Main.storyboard;
			sourceTree = "<group>";
		};
		150BD0451BB8864700A01CCE /* LaunchScreen.storyboard */ = {
			isa = PBXVariantGroup;
			children = (
				150BD0461BB8864700A01CCE /* Base */,
			);
			name = LaunchScreen.storyboard;
			sourceTree = "<group>";
		};
/* End PBXVariantGroup section */

/* Begin XCBuildConfiguration section */
		150BD0491BB8864700A01CCE /* Debug */ = {
			isa = XCBuildConfiguration;
			buildSettings = {
				ALWAYS_SEARCH_USER_PATHS = NO;
				CLANG_CXX_LANGUAGE_STANDARD = "gnu++0x";
				CLANG_CXX_LIBRARY = "libc++";
				CLANG_ENABLE_MODULES = YES;
				CLANG_ENABLE_OBJC_ARC = YES;
				CLANG_WARN_BOOL_CONVERSION = YES;
				CLANG_WARN_CONSTANT_CONVERSION = YES;
				CLANG_WARN_DIRECT_OBJC_ISA_USAGE = YES_ERROR;
				CLANG_WARN_EMPTY_BODY = YES;
				CLANG_WARN_ENUM_CONVERSION = YES;
				CLANG_WARN_INT_CONVERSION = YES;
				CLANG_WARN_OBJC_ROOT_CLASS = YES_ERROR;
				CLANG_WARN_UNREACHABLE_CODE = YES;
				CLANG_WARN__DUPLICATE_METHOD_MATCH = YES;
				"CODE_SIGN_IDENTITY[sdk=iphoneos*]" = "iPhone Developer";
				COPY_PHASE_STRIP = NO;
				DEBUG_INFORMATION_FORMAT = dwarf;
				ENABLE_STRICT_OBJC_MSGSEND = YES;
				ENABLE_TESTABILITY = YES;
				GCC_C_LANGUAGE_STANDARD = gnu99;
				GCC_DYNAMIC_NO_PIC = NO;
				GCC_NO_COMMON_BLOCKS = YES;
				GCC_OPTIMIZATION_LEVEL = 0;
				GCC_PREPROCESSOR_DEFINITIONS = (
					"DEBUG=1",
					"$(inherited)",
				);
				GCC_WARN_64_TO_32_BIT_CONVERSION = YES;
				GCC_WARN_ABOUT_RETURN_TYPE = YES_ERROR;
				GCC_WARN_UNDECLARED_SELECTOR = YES;
				GCC_WARN_UNINITIALIZED_AUTOS = YES_AGGRESSIVE;
				GCC_WARN_UNUSED_FUNCTION = YES;
				GCC_WARN_UNUSED_VARIABLE = YES;
				IPHONEOS_DEPLOYMENT_TARGET = 9.0;
				MTL_ENABLE_DEBUG_INFO = YES;
				ONLY_ACTIVE_ARCH = YES;
				SDKROOT = iphoneos;
				SWIFT_OPTIMIZATION_LEVEL = "-Onone";
			};
			name = Debug;
		};
		150BD04A1BB8864700A01CCE /* Release */ = {
			isa = XCBuildConfiguration;
			buildSettings = {
				ALWAYS_SEARCH_USER_PATHS = NO;
				CLANG_CXX_LANGUAGE_STANDARD = "gnu++0x";
				CLANG_CXX_LIBRARY = "libc++";
				CLANG_ENABLE_MODULES = YES;
				CLANG_ENABLE_OBJC_ARC = YES;
				CLANG_WARN_BOOL_CONVERSION = YES;
				CLANG_WARN_CONSTANT_CONVERSION = YES;
				CLANG_WARN_DIRECT_OBJC_ISA_USAGE = YES_ERROR;
				CLANG_WARN_EMPTY_BODY = YES;
				CLANG_WARN_ENUM_CONVERSION = YES;
				CLANG_WARN_INT_CONVERSION = YES;
				CLANG_WARN_OBJC_ROOT_CLASS = YES_ERROR;
				CLANG_WARN_UNREACHABLE_CODE = YES;
				CLANG_WARN__DUPLICATE_METHOD_MATCH = YES;
				"CODE_SIGN_IDENTITY[sdk=iphoneos*]" = "iPhone Developer";
				COPY_PHASE_STRIP = NO;
				DEBUG_INFORMATION_FORMAT = "dwarf-with-dsym";
				ENABLE_NS_ASSERTIONS = NO;
				ENABLE_STRICT_OBJC_MSGSEND = YES;
				GCC_C_LANGUAGE_STANDARD = gnu99;
				GCC_NO_COMMON_BLOCKS = YES;
				GCC_WARN_64_TO_32_BIT_CONVERSION = YES;
				GCC_WARN_ABOUT_RETURN_TYPE = YES_ERROR;
				GCC_WARN_UNDECLARED_SELECTOR = YES;
				GCC_WARN_UNINITIALIZED_AUTOS = YES_AGGRESSIVE;
				GCC_WARN_UNUSED_FUNCTION = YES;
				GCC_WARN_UNUSED_VARIABLE = YES;
				IPHONEOS_DEPLOYMENT_TARGET = 9.0;
				MTL_ENABLE_DEBUG_INFO = NO;
				SDKROOT = iphoneos;
				VALIDATE_PRODUCT = YES;
			};
			name = Release;
		};
		150BD04C1BB8864700A01CCE /* Debug */ = {
			isa = XCBuildConfiguration;
			buildSettings = {
				ASSETCATALOG_COMPILER_APPICON_NAME = AppIcon;
				INFOPLIST_FILE = "Times Tables/Info.plist";
				LD_RUNPATH_SEARCH_PATHS = "$(inherited) @executable_path/Frameworks";
				PRODUCT_BUNDLE_IDENTIFIER = "com.macedo.Times-Tables";
				PRODUCT_NAME = "$(TARGET_NAME)";
			};
			name = Debug;
		};
		150BD04D1BB8864700A01CCE /* Release */ = {
			isa = XCBuildConfiguration;
			buildSettings = {
				ASSETCATALOG_COMPILER_APPICON_NAME = AppIcon;
				INFOPLIST_FILE = "Times Tables/Info.plist";
				LD_RUNPATH_SEARCH_PATHS = "$(inherited) @executable_path/Frameworks";
				PRODUCT_BUNDLE_IDENTIFIER = "com.macedo.Times-Tables";
				PRODUCT_NAME = "$(TARGET_NAME)";
			};
			name = Release;
		};
/* End XCBuildConfiguration section */

/* Begin XCConfigurationList section */
		150BD0341BB8864700A01CCE /* Build configuration list for PBXProject "Times Tables" */ = {
			isa = XCConfigurationList;
			buildConfigurations = (
				150BD0491BB8864700A01CCE /* Debug */,
				150BD04A1BB8864700A01CCE /* Release */,
			);
			defaultConfigurationIsVisible = 0;
			defaultConfigurationName = Release;
		};
		150BD04B1BB8864700A01CCE /* Build configuration list for PBXNativeTarget "Times Tables" */ = {
			isa = XCConfigurationList;
			buildConfigurations = (
				150BD04C1BB8864700A01CCE /* Debug */,
				150BD04D1BB8864700A01CCE /* Release */,
			);
			defaultConfigurationIsVisible = 0;
		};
/* End XCConfigurationList section */
	};
	rootObject = 150BD0311BB8864700A01CCE /* Project object */;
}
